github.com/google/go-cmp v0.6.0 h1:ofyhxvXcZhMsU5ulbFiLKl/XBFqE1GSq7atu8tAmTRI=
github.com/google/go-cmp v0.6.0/go.mod h1:17dUlkBOakJ0+DkrSSNjCkIjxS6bF9zb3elmeNGIjoY=
github.com/noxworld-dev/noxscript/ns/v4 v4.19.0 h1:a/JEttpJkP345bL9JOV1MSWVwxuRyumH7red8df5kCY=
github.com/noxworld-dev/noxscript/ns/v4 v4.19.0/go.mod h1:sumxNbzs331R1Ohkxf4uOKE7oZsXYmcltRdP/mz8YJs=
github.com/noxworld-dev/opennox-lib v0.0.0-20240210164647-e15d353dd8ba h1:hhUo2tcgSrzlNt2755lbwjKEC5nWHBjt7eWX/WkZWbA=
github.com/noxworld-dev/opennox-lib v0.0.0-20240210164647-e15d353dd8ba/go.mod h1:+tgAmpYVVvURU9vAwR5jzJV/dERnKCI5E2NuyzN+jjQ=
github.com/shoenig/test v1.7.0 h1:eWcHtTXa6QLnBvm0jgEabMRN/uJ4DMV3M8xUGgRkZmk=
github.com/shoenig/test v1.7.0/go.mod h1:UxJ6u/x2v/TNs/LoLxBNJRV9DiwBBKYxXSyczsBHFoI=
golang.org/x/exp v0.0.0-20240213143201-ec583247a57a h1:HinSgX1tJRX3KsL//Gxynpw5CTOAIPhgL4W8PNiIpVE=
golang.org/x/exp v0.0.0-20240213143201-ec583247a57a/go.mod h1:CxmFvTBINI24O/j8iY7H1xHzx2i4OsyguNBmN/uPtqc=
gopkg.in/check.v1 v0.0.0-20161208181325-20d25e280405 h1:yhCVgyC4o1eVCa2tZl7eS0r+SDo693bJlVdllGtEeKM=
gopkg.in/check.v1 v0.0.0-20161208181325-20d25e280405/go.mod h1:Co6ibVJAznAaIkqp8huTwlJQCZ016jof/cbN4VW5Yz0=
gopkg.in/yaml.v2 v2.4.0 h1:D8xgwECY7CYvx+Y2n4sBz93Jn9JRvxdiyyo8CTfuKaY=
gopkg.in/yaml.v2 v2.4.0/go.mod h1:RDklbk79AGWmwhnvt/jBztapEOGDOx6ZbXqjP6csGnQ=
