github.com/noxworld-dev/noxscript/ns/v4 v4.5.1 h1:L2Yq8t6kqUbvyaQ1f3+AeBM4o4DFLkdzV6s0I4QGeEE=
github.com/noxworld-dev/noxscript/ns/v4 v4.5.1/go.mod h1:ins9T4/OTxZWnrypUsvPK5VWffAwd9wUg4E4WE+AJq8=
github.com/noxworld-dev/opennox-lib v0.0.0-20230406202800-90cd97e2a44f h1:hI70c6nE5ceAlFQsjgF3Ggm7bGRudPxJXbQPiU3wJbc=
github.com/noxworld-dev/opennox-lib v0.0.0-20230406202800-90cd97e2a44f/go.mod h1:3dUYfL8PDdCIqaEhTXdaqhHUcIJmYROx2H2Z+A81OUE=
golang.org/x/exp v0.0.0-20221031165847-c99f073a8326 h1:QfTh0HpN6hlw6D3vu8DAwC8pBIwikq0AI1evdm+FksE=
golang.org/x/exp v0.0.0-20221031165847-c99f073a8326/go.mod h1:CxIveKay+FTh1D0yPZemJVgC/95VzuuOLq5Qi4xnoYc=
gopkg.in/check.v1 v0.0.0-20161208181325-20d25e280405 h1:yhCVgyC4o1eVCa2tZl7eS0r+SDo693bJlVdllGtEeKM=
gopkg.in/check.v1 v0.0.0-20161208181325-20d25e280405/go.mod h1:Co6ibVJAznAaIkqp8huTwlJQCZ016jof/cbN4VW5Yz0=
gopkg.in/yaml.v2 v2.4.0 h1:D8xgwECY7CYvx+Y2n4sBz93Jn9JRvxdiyyo8CTfuKaY=
gopkg.in/yaml.v2 v2.4.0/go.mod h1:RDklbk79AGWmwhnvt/jBztapEOGDOx6ZbXqjP6csGnQ=
