github.com/noxworld-dev/noxscript/ns/v3 v3.1.5 h1:TlqGNWT4FmpNpqR3n46nzBaLpish470lIKUwMUaSlxk=
github.com/noxworld-dev/noxscript/ns/v3 v3.1.5/go.mod h1:BpPgA9JVW4uyU2uzyW9c3fShSdcCtxzBaje7Id8KfYg=
github.com/noxworld-dev/noxscript/ns/v4 v4.6.0 h1:4P4DhR+7/X1cCcgzg39bT8MLDKS14kL7H0vyaz58a/Q=
github.com/noxworld-dev/noxscript/ns/v4 v4.6.0/go.mod h1:jbdzICFf72mZjokCQGe8w5EjIn19Uf3DXxJYSyM/md4=
github.com/noxworld-dev/opennox-lib v0.0.0-20230415171557-ba7d800e25c8 h1:rWHF2Ae3ZaOwPJK+BxJ6UCtqyjBZ71PHJ5jvlmZnRco=
github.com/noxworld-dev/opennox-lib v0.0.0-20230415171557-ba7d800e25c8/go.mod h1:3dUYfL8PDdCIqaEhTXdaqhHUcIJmYROx2H2Z+A81OUE=
golang.org/x/exp v0.0.0-20221031165847-c99f073a8326 h1:QfTh0HpN6hlw6D3vu8DAwC8pBIwikq0AI1evdm+FksE=
golang.org/x/exp v0.0.0-20221031165847-c99f073a8326/go.mod h1:CxIveKay+FTh1D0yPZemJVgC/95VzuuOLq5Qi4xnoYc=
gopkg.in/check.v1 v0.0.0-20161208181325-20d25e280405 h1:yhCVgyC4o1eVCa2tZl7eS0r+SDo693bJlVdllGtEeKM=
gopkg.in/check.v1 v0.0.0-20161208181325-20d25e280405/go.mod h1:Co6ibVJAznAaIkqp8huTwlJQCZ016jof/cbN4VW5Yz0=
gopkg.in/yaml.v2 v2.4.0 h1:D8xgwECY7CYvx+Y2n4sBz93Jn9JRvxdiyyo8CTfuKaY=
gopkg.in/yaml.v2 v2.4.0/go.mod h1:RDklbk79AGWmwhnvt/jBztapEOGDOx6ZbXqjP6csGnQ=
