github.com/noxworld-dev/noxscript/ns/v4 v4.7.0 h1:JMkyGt4QQhNaFcntVsHNd3OvYqYi7uffdfaAaKTdtO0=
github.com/noxworld-dev/noxscript/ns/v4 v4.7.0/go.mod h1:jbdzICFf72mZjokCQGe8w5EjIn19Uf3DXxJYSyM/md4=
github.com/noxworld-dev/noxscript/ns/v4 v4.9.0 h1:SXy4atXtnCtUVyNFKyHHC4Qkl2zOyhBH3Emf/KN1CcM=
github.com/noxworld-dev/noxscript/ns/v4 v4.9.0/go.mod h1:jbdzICFf72mZjokCQGe8w5EjIn19Uf3DXxJYSyM/md4=
github.com/noxworld-dev/opennox-lib v0.0.0-20230415171557-ba7d800e25c8 h1:rWHF2Ae3ZaOwPJK+BxJ6UCtqyjBZ71PHJ5jvlmZnRco=
github.com/noxworld-dev/opennox-lib v0.0.0-20230415171557-ba7d800e25c8/go.mod h1:3dUYfL8PDdCIqaEhTXdaqhHUcIJmYROx2H2Z+A81OUE=
github.com/noxworld-dev/opennox-lib v0.0.0-20230824140215-d83def3a61c0 h1:i9GT4vASyULDEHlylusu05sAtIKt2Eo+7zASVshIRXc=
github.com/noxworld-dev/opennox-lib v0.0.0-20230824140215-d83def3a61c0/go.mod h1:v8/PPV3bpyfotKc68dFgYrcRnBQTQUzvImQlgceEHZI=
golang.org/x/exp v0.0.0-20221031165847-c99f073a8326 h1:QfTh0HpN6hlw6D3vu8DAwC8pBIwikq0AI1evdm+FksE=
golang.org/x/exp v0.0.0-20221031165847-c99f073a8326/go.mod h1:CxIveKay+FTh1D0yPZemJVgC/95VzuuOLq5Qi4xnoYc=
golang.org/x/exp v0.0.0-20230811145659-89c5cff77bcb h1:mIKbk8weKhSeLH2GmUTrvx8CjkyJmnU1wFmg59CUjFA=
golang.org/x/exp v0.0.0-20230811145659-89c5cff77bcb/go.mod h1:FXUEEKJgO7OQYeo8N01OfiKP8RXMtf6e8aTskBGqWdc=
golang.org/x/exp v0.0.0-20230817173708-d852ddb80c63 h1:m64FZMko/V45gv0bNmrNYoDEq8U5YUhetc9cBWKS1TQ=
golang.org/x/exp v0.0.0-20230817173708-d852ddb80c63/go.mod h1:0v4NqG35kSWCMzLaMeX+IQrlSnVE/bqGSyC2cz/9Le8=
gopkg.in/check.v1 v0.0.0-20161208181325-20d25e280405 h1:yhCVgyC4o1eVCa2tZl7eS0r+SDo693bJlVdllGtEeKM=
gopkg.in/check.v1 v0.0.0-20161208181325-20d25e280405/go.mod h1:Co6ibVJAznAaIkqp8huTwlJQCZ016jof/cbN4VW5Yz0=
gopkg.in/yaml.v2 v2.4.0 h1:D8xgwECY7CYvx+Y2n4sBz93Jn9JRvxdiyyo8CTfuKaY=
gopkg.in/yaml.v2 v2.4.0/go.mod h1:RDklbk79AGWmwhnvt/jBztapEOGDOx6ZbXqjP6csGnQ=
